// !$*UTF8*$!
{
	archiveVersion = 1;
	classes = {
	};
	objectVersion = 56;
	objects = {

/* Begin PBXBuildFile section */
		4DCCB5642A2F3194000E6F28 /* CollectionViewCell.swift in Sources */ = {isa = PBXBuildFile; fileRef = 4DCCB5632A2F3194000E6F28 /* CollectionViewCell.swift */; };
		6A8195852A31B8190093A979 /* DataService.swift in Sources */ = {isa = PBXBuildFile; fileRef = 6A8195842A31B8190093A979 /* DataService.swift */; };
		6ABF0EDB2A2F347D00C014A7 /* Products.swift in Sources */ = {isa = PBXBuildFile; fileRef = 6ABF0EDA2A2F347D00C014A7 /* Products.swift */; };
		6ABF0EDF2A3063E700C014A7 /* ProductsViewModel.swift in Sources */ = {isa = PBXBuildFile; fileRef = 6ABF0EDE2A3063E700C014A7 /* ProductsViewModel.swift */; };
		6ADB4F182A2DB21700CDC2EF /* AppDelegate.swift in Sources */ = {isa = PBXBuildFile; fileRef = 6ADB4F172A2DB21700CDC2EF /* AppDelegate.swift */; };
		6ADB4F1A2A2DB21700CDC2EF /* SceneDelegate.swift in Sources */ = {isa = PBXBuildFile; fileRef = 6ADB4F192A2DB21700CDC2EF /* SceneDelegate.swift */; };
		6ADB4F1C2A2DB21700CDC2EF /* ViewController.swift in Sources */ = {isa = PBXBuildFile; fileRef = 6ADB4F1B2A2DB21700CDC2EF /* ViewController.swift */; };
		6ADB4F1F2A2DB21700CDC2EF /* Main.storyboard in Resources */ = {isa = PBXBuildFile; fileRef = 6ADB4F1D2A2DB21700CDC2EF /* Main.storyboard */; };
		6ADB4F212A2DB21900CDC2EF /* Assets.xcassets in Resources */ = {isa = PBXBuildFile; fileRef = 6ADB4F202A2DB21900CDC2EF /* Assets.xcassets */; };
		6ADB4F242A2DB21900CDC2EF /* LaunchScreen.storyboard in Resources */ = {isa = PBXBuildFile; fileRef = 6ADB4F222A2DB21900CDC2EF /* LaunchScreen.storyboard */; };
		6ADB4F2C2A2DBD2F00CDC2EF /* DetailsVC.swift in Sources */ = {isa = PBXBuildFile; fileRef = 6ADB4F2B2A2DBD2F00CDC2EF /* DetailsVC.swift */; };
		6ADB4F2E2A2DDAA900CDC2EF /* ViewAllVC.swift in Sources */ = {isa = PBXBuildFile; fileRef = 6ADB4F2D2A2DDAA900CDC2EF /* ViewAllVC.swift */; };
		CCBE51DA2A2F312F0077B1A0 /* LaunchScreen.swift in Sources */ = {isa = PBXBuildFile; fileRef = CCBE51D92A2F312F0077B1A0 /* LaunchScreen.swift */; };
/* End PBXBuildFile section */

/* Begin PBXFileReference section */
		4DCCB5632A2F3194000E6F28 /* CollectionViewCell.swift */ = {isa = PBXFileReference; lastKnownFileType = sourcecode.swift; path = CollectionViewCell.swift; sourceTree = "<group>"; };
		6A8195842A31B8190093A979 /* DataService.swift */ = {isa = PBXFileReference; lastKnownFileType = sourcecode.swift; path = DataService.swift; sourceTree = "<group>"; };
		6ABF0EDA2A2F347D00C014A7 /* Products.swift */ = {isa = PBXFileReference; lastKnownFileType = sourcecode.swift; path = Products.swift; sourceTree = "<group>"; };
		6ABF0EDE2A3063E700C014A7 /* ProductsViewModel.swift */ = {isa = PBXFileReference; lastKnownFileType = sourcecode.swift; path = ProductsViewModel.swift; sourceTree = "<group>"; };
		6ADB4F142A2DB21700CDC2EF /* SwiftCheckout.app */ = {isa = PBXFileReference; explicitFileType = wrapper.application; includeInIndex = 0; path = SwiftCheckout.app; sourceTree = BUILT_PRODUCTS_DIR; };
		6ADB4F172A2DB21700CDC2EF /* AppDelegate.swift */ = {isa = PBXFileReference; lastKnownFileType = sourcecode.swift; path = AppDelegate.swift; sourceTree = "<group>"; };
		6ADB4F192A2DB21700CDC2EF /* SceneDelegate.swift */ = {isa = PBXFileReference; lastKnownFileType = sourcecode.swift; path = SceneDelegate.swift; sourceTree = "<group>"; };
		6ADB4F1B2A2DB21700CDC2EF /* ViewController.swift */ = {isa = PBXFileReference; lastKnownFileType = sourcecode.swift; path = ViewController.swift; sourceTree = "<group>"; };
		6ADB4F1E2A2DB21700CDC2EF /* Base */ = {isa = PBXFileReference; lastKnownFileType = file.storyboard; name = Base; path = Base.lproj/Main.storyboard; sourceTree = "<group>"; };
		6ADB4F202A2DB21900CDC2EF /* Assets.xcassets */ = {isa = PBXFileReference; lastKnownFileType = folder.assetcatalog; path = Assets.xcassets; sourceTree = "<group>"; };
		6ADB4F232A2DB21900CDC2EF /* Base */ = {isa = PBXFileReference; lastKnownFileType = file.storyboard; name = Base; path = Base.lproj/LaunchScreen.storyboard; sourceTree = "<group>"; };
		6ADB4F252A2DB21900CDC2EF /* Info.plist */ = {isa = PBXFileReference; lastKnownFileType = text.plist.xml; path = Info.plist; sourceTree = "<group>"; };
		6ADB4F2B2A2DBD2F00CDC2EF /* DetailsVC.swift */ = {isa = PBXFileReference; lastKnownFileType = sourcecode.swift; path = DetailsVC.swift; sourceTree = "<group>"; };
		6ADB4F2D2A2DDAA900CDC2EF /* ViewAllVC.swift */ = {isa = PBXFileReference; lastKnownFileType = sourcecode.swift; path = ViewAllVC.swift; sourceTree = "<group>"; };
		CCBE51D92A2F312F0077B1A0 /* LaunchScreen.swift */ = {isa = PBXFileReference; lastKnownFileType = sourcecode.swift; path = LaunchScreen.swift; sourceTree = "<group>"; };
/* End PBXFileReference section */

/* Begin PBXFrameworksBuildPhase section */
		6ADB4F112A2DB21700CDC2EF /* Frameworks */ = {
			isa = PBXFrameworksBuildPhase;
			buildActionMask = 2147483647;
			files = (
			);
			runOnlyForDeploymentPostprocessing = 0;
		};
/* End PBXFrameworksBuildPhase section */

/* Begin PBXGroup section */
		6A8195832A31B7FB0093A979 /* Service */ = {
			isa = PBXGroup;
			children = (
				6A8195842A31B8190093A979 /* DataService.swift */,
			);
			path = Service;
			sourceTree = "<group>";
		};
		6ABF0ED92A2F345900C014A7 /* Model */ = {
			isa = PBXGroup;
			children = (
				6ABF0EDA2A2F347D00C014A7 /* Products.swift */,
			);
			path = Model;
			sourceTree = "<group>";
		};
		6ABF0EDD2A3063CA00C014A7 /* ViewModel */ = {
			isa = PBXGroup;
			children = (
				6ABF0EDE2A3063E700C014A7 /* ProductsViewModel.swift */,
			);
			path = ViewModel;
			sourceTree = "<group>";
		};
		6ADB4F0B2A2DB21700CDC2EF = {
			isa = PBXGroup;
			children = (
				6ADB4F162A2DB21700CDC2EF /* SwiftCheckout */,
				6ADB4F152A2DB21700CDC2EF /* Products */,
			);
			sourceTree = "<group>";
		};
		6ADB4F152A2DB21700CDC2EF /* Products */ = {
			isa = PBXGroup;
			children = (
				6ADB4F142A2DB21700CDC2EF /* SwiftCheckout.app */,
			);
			name = Products;
			sourceTree = "<group>";
		};
		6ADB4F162A2DB21700CDC2EF /* SwiftCheckout */ = {
			isa = PBXGroup;
			children = (
				6A8195832A31B7FB0093A979 /* Service */,
				6ABF0EDD2A3063CA00C014A7 /* ViewModel */,
				6ABF0ED92A2F345900C014A7 /* Model */,
				6ADB4F172A2DB21700CDC2EF /* AppDelegate.swift */,
				4DCCB5632A2F3194000E6F28 /* CollectionViewCell.swift */,
				6ADB4F192A2DB21700CDC2EF /* SceneDelegate.swift */,
				6ADB4F1B2A2DB21700CDC2EF /* ViewController.swift */,
				CCBE51D92A2F312F0077B1A0 /* LaunchScreen.swift */,
				6ADB4F1D2A2DB21700CDC2EF /* Main.storyboard */,
				6ADB4F2B2A2DBD2F00CDC2EF /* DetailsVC.swift */,
				6ADB4F2D2A2DDAA900CDC2EF /* ViewAllVC.swift */,
				6ADB4F202A2DB21900CDC2EF /* Assets.xcassets */,
				6ADB4F222A2DB21900CDC2EF /* LaunchScreen.storyboard */,
				6ADB4F252A2DB21900CDC2EF /* Info.plist */,
			);
			path = SwiftCheckout;
			sourceTree = "<group>";
		};
/* End PBXGroup section */

/* Begin PBXNativeTarget section */
		6ADB4F132A2DB21700CDC2EF /* SwiftCheckout */ = {
			isa = PBXNativeTarget;
			buildConfigurationList = 6ADB4F282A2DB21900CDC2EF /* Build configuration list for PBXNativeTarget "SwiftCheckout" */;
			buildPhases = (
				6ADB4F102A2DB21700CDC2EF /* Sources */,
				6ADB4F112A2DB21700CDC2EF /* Frameworks */,
				6ADB4F122A2DB21700CDC2EF /* Resources */,
			);
			buildRules = (
			);
			dependencies = (
			);
			name = SwiftCheckout;
			productName = SwiftCheckout;
			productReference = 6ADB4F142A2DB21700CDC2EF /* SwiftCheckout.app */;
			productType = "com.apple.product-type.application";
		};
/* End PBXNativeTarget section */

/* Begin PBXProject section */
		6ADB4F0C2A2DB21700CDC2EF /* Project object */ = {
			isa = PBXProject;
			attributes = {
				BuildIndependentTargetsInParallel = 1;
				LastSwiftUpdateCheck = 1430;
				LastUpgradeCheck = 1430;
				TargetAttributes = {
					6ADB4F132A2DB21700CDC2EF = {
						CreatedOnToolsVersion = 14.3;
					};
				};
			};
			buildConfigurationList = 6ADB4F0F2A2DB21700CDC2EF /* Build configuration list for PBXProject "SwiftCheckout" */;
			compatibilityVersion = "Xcode 14.0";
			developmentRegion = en;
			hasScannedForEncodings = 0;
			knownRegions = (
				en,
				Base,
			);
			mainGroup = 6ADB4F0B2A2DB21700CDC2EF;
			productRefGroup = 6ADB4F152A2DB21700CDC2EF /* Products */;
			projectDirPath = "";
			projectRoot = "";
			targets = (
				6ADB4F132A2DB21700CDC2EF /* SwiftCheckout */,
			);
		};
/* End PBXProject section */

/* Begin PBXResourcesBuildPhase section */
		6ADB4F122A2DB21700CDC2EF /* Resources */ = {
			isa = PBXResourcesBuildPhase;
			buildActionMask = 2147483647;
			files = (
				6ADB4F242A2DB21900CDC2EF /* LaunchScreen.storyboard in Resources */,
				6ADB4F212A2DB21900CDC2EF /* Assets.xcassets in Resources */,
				6ADB4F1F2A2DB21700CDC2EF /* Main.storyboard in Resources */,
			);
			runOnlyForDeploymentPostprocessing = 0;
		};
/* End PBXResourcesBuildPhase section */

/* Begin PBXSourcesBuildPhase section */
		6ADB4F102A2DB21700CDC2EF /* Sources */ = {
			isa = PBXSourcesBuildPhase;
			buildActionMask = 2147483647;
			files = (
				6ABF0EDF2A3063E700C014A7 /* ProductsViewModel.swift in Sources */,
				6ADB4F1C2A2DB21700CDC2EF /* ViewController.swift in Sources */,
				6ADB4F2C2A2DBD2F00CDC2EF /* DetailsVC.swift in Sources */,
				4DCCB5642A2F3194000E6F28 /* CollectionViewCell.swift in Sources */,
				CCBE51DA2A2F312F0077B1A0 /* LaunchScreen.swift in Sources */,
				6ADB4F2E2A2DDAA900CDC2EF /* ViewAllVC.swift in Sources */,
				6ABF0EDB2A2F347D00C014A7 /* Products.swift in Sources */,
				6ADB4F182A2DB21700CDC2EF /* AppDelegate.swift in Sources */,
				6ADB4F1A2A2DB21700CDC2EF /* SceneDelegate.swift in Sources */,
				6A8195852A31B8190093A979 /* DataService.swift in Sources */,
			);
			runOnlyForDeploymentPostprocessing = 0;
		};
/* End PBXSourcesBuildPhase section */

/* Begin PBXVariantGroup section */
		6ADB4F1D2A2DB21700CDC2EF /* Main.storyboard */ = {
			isa = PBXVariantGroup;
			children = (
				6ADB4F1E2A2DB21700CDC2EF /* Base */,
			);
			name = Main.storyboard;
			sourceTree = "<group>";
		};
		6ADB4F222A2DB21900CDC2EF /* LaunchScreen.storyboard */ = {
			isa = PBXVariantGroup;
			children = (
				6ADB4F232A2DB21900CDC2EF /* Base */,
			);
			name = LaunchScreen.storyboard;
			sourceTree = "<group>";
		};
/* End PBXVariantGroup section */

/* Begin XCBuildConfiguration section */
		6ADB4F262A2DB21900CDC2EF /* Debug */ = {
			isa = XCBuildConfiguration;
			buildSettings = {
				ALWAYS_SEARCH_USER_PATHS = NO;
				CLANG_ANALYZER_NONNULL = YES;
				CLANG_ANALYZER_NUMBER_OBJECT_CONVERSION = YES_AGGRESSIVE;
				CLANG_CXX_LANGUAGE_STANDARD = "gnu++20";
				CLANG_ENABLE_MODULES = YES;
				CLANG_ENABLE_OBJC_ARC = YES;
				CLANG_ENABLE_OBJC_WEAK = YES;
				CLANG_WARN_BLOCK_CAPTURE_AUTORELEASING = YES;
				CLANG_WARN_BOOL_CONVERSION = YES;
				CLANG_WARN_COMMA = YES;
				CLANG_WARN_CONSTANT_CONVERSION = YES;
				CLANG_WARN_DEPRECATED_OBJC_IMPLEMENTATIONS = YES;
				CLANG_WARN_DIRECT_OBJC_ISA_USAGE = YES_ERROR;
				CLANG_WARN_DOCUMENTATION_COMMENTS = YES;
				CLANG_WARN_EMPTY_BODY = YES;
				CLANG_WARN_ENUM_CONVERSION = YES;
				CLANG_WARN_INFINITE_RECURSION = YES;
				CLANG_WARN_INT_CONVERSION = YES;
				CLANG_WARN_NON_LITERAL_NULL_CONVERSION = YES;
				CLANG_WARN_OBJC_IMPLICIT_RETAIN_SELF = YES;
				CLANG_WARN_OBJC_LITERAL_CONVERSION = YES;
				CLANG_WARN_OBJC_ROOT_CLASS = YES_ERROR;
				CLANG_WARN_QUOTED_INCLUDE_IN_FRAMEWORK_HEADER = YES;
				CLANG_WARN_RANGE_LOOP_ANALYSIS = YES;
				CLANG_WARN_STRICT_PROTOTYPES = YES;
				CLANG_WARN_SUSPICIOUS_MOVE = YES;
				CLANG_WARN_UNGUARDED_AVAILABILITY = YES_AGGRESSIVE;
				CLANG_WARN_UNREACHABLE_CODE = YES;
				CLANG_WARN__DUPLICATE_METHOD_MATCH = YES;
				COPY_PHASE_STRIP = NO;
				DEBUG_INFORMATION_FORMAT = dwarf;
				ENABLE_STRICT_OBJC_MSGSEND = YES;
				ENABLE_TESTABILITY = YES;
				GCC_C_LANGUAGE_STANDARD = gnu11;
				GCC_DYNAMIC_NO_PIC = NO;
				GCC_NO_COMMON_BLOCKS = YES;
				GCC_OPTIMIZATION_LEVEL = 0;
				GCC_PREPROCESSOR_DEFINITIONS = (
					"DEBUG=1",
					"$(inherited)",
				);
				GCC_WARN_64_TO_32_BIT_CONVERSION = YES;
				GCC_WARN_ABOUT_RETURN_TYPE = YES_ERROR;
				GCC_WARN_UNDECLARED_SELECTOR = YES;
				GCC_WARN_UNINITIALIZED_AUTOS = YES_AGGRESSIVE;
				GCC_WARN_UNUSED_FUNCTION = YES;
				GCC_WARN_UNUSED_VARIABLE = YES;
				IPHONEOS_DEPLOYMENT_TARGET = 16.4;
				MTL_ENABLE_DEBUG_INFO = INCLUDE_SOURCE;
				MTL_FAST_MATH = YES;
				ONLY_ACTIVE_ARCH = YES;
				SDKROOT = iphoneos;
				SWIFT_ACTIVE_COMPILATION_CONDITIONS = DEBUG;
				SWIFT_OPTIMIZATION_LEVEL = "-Onone";
			};
			name = Debug;
		};
		6ADB4F272A2DB21900CDC2EF /* Release */ = {
			isa = XCBuildConfiguration;
			buildSettings = {
				ALWAYS_SEARCH_USER_PATHS = NO;
				CLANG_ANALYZER_NONNULL = YES;
				CLANG_ANALYZER_NUMBER_OBJECT_CONVERSION = YES_AGGRESSIVE;
				CLANG_CXX_LANGUAGE_STANDARD = "gnu++20";
				CLANG_ENABLE_MODULES = YES;
				CLANG_ENABLE_OBJC_ARC = YES;
				CLANG_ENABLE_OBJC_WEAK = YES;
				CLANG_WARN_BLOCK_CAPTURE_AUTORELEASING = YES;
				CLANG_WARN_BOOL_CONVERSION = YES;
				CLANG_WARN_COMMA = YES;
				CLANG_WARN_CONSTANT_CONVERSION = YES;
				CLANG_WARN_DEPRECATED_OBJC_IMPLEMENTATIONS = YES;
				CLANG_WARN_DIRECT_OBJC_ISA_USAGE = YES_ERROR;
				CLANG_WARN_DOCUMENTATION_COMMENTS = YES;
				CLANG_WARN_EMPTY_BODY = YES;
				CLANG_WARN_ENUM_CONVERSION = YES;
				CLANG_WARN_INFINITE_RECURSION = YES;
				CLANG_WARN_INT_CONVERSION = YES;
				CLANG_WARN_NON_LITERAL_NULL_CONVERSION = YES;
				CLANG_WARN_OBJC_IMPLICIT_RETAIN_SELF = YES;
				CLANG_WARN_OBJC_LITERAL_CONVERSION = YES;
				CLANG_WARN_OBJC_ROOT_CLASS = YES_ERROR;
				CLANG_WARN_QUOTED_INCLUDE_IN_FRAMEWORK_HEADER = YES;
				CLANG_WARN_RANGE_LOOP_ANALYSIS = YES;
				CLANG_WARN_STRICT_PROTOTYPES = YES;
				CLANG_WARN_SUSPICIOUS_MOVE = YES;
				CLANG_WARN_UNGUARDED_AVAILABILITY = YES_AGGRESSIVE;
				CLANG_WARN_UNREACHABLE_CODE = YES;
				CLANG_WARN__DUPLICATE_METHOD_MATCH = YES;
				COPY_PHASE_STRIP = NO;
				DEBUG_INFORMATION_FORMAT = "dwarf-with-dsym";
				ENABLE_NS_ASSERTIONS = NO;
				ENABLE_STRICT_OBJC_MSGSEND = YES;
				GCC_C_LANGUAGE_STANDARD = gnu11;
				GCC_NO_COMMON_BLOCKS = YES;
				GCC_WARN_64_TO_32_BIT_CONVERSION = YES;
				GCC_WARN_ABOUT_RETURN_TYPE = YES_ERROR;
				GCC_WARN_UNDECLARED_SELECTOR = YES;
				GCC_WARN_UNINITIALIZED_AUTOS = YES_AGGRESSIVE;
				GCC_WARN_UNUSED_FUNCTION = YES;
				GCC_WARN_UNUSED_VARIABLE = YES;
				IPHONEOS_DEPLOYMENT_TARGET = 16.4;
				MTL_ENABLE_DEBUG_INFO = NO;
				MTL_FAST_MATH = YES;
				SDKROOT = iphoneos;
				SWIFT_COMPILATION_MODE = wholemodule;
				SWIFT_OPTIMIZATION_LEVEL = "-O";
				VALIDATE_PRODUCT = YES;
			};
			name = Release;
		};
		6ADB4F292A2DB21900CDC2EF /* Debug */ = {
			isa = XCBuildConfiguration;
			buildSettings = {
				ASSETCATALOG_COMPILER_APPICON_NAME = AppIcon;
				ASSETCATALOG_COMPILER_GLOBAL_ACCENT_COLOR_NAME = AccentColor;
				CODE_SIGN_STYLE = Automatic;
				CURRENT_PROJECT_VERSION = 1;
				GENERATE_INFOPLIST_FILE = YES;
				INFOPLIST_FILE = SwiftCheckout/Info.plist;
				INFOPLIST_KEY_UIApplicationSupportsIndirectInputEvents = YES;
				INFOPLIST_KEY_UILaunchStoryboardName = LaunchScreen;
				INFOPLIST_KEY_UIMainStoryboardFile = Main;
				INFOPLIST_KEY_UISupportedInterfaceOrientations_iPad = "UIInterfaceOrientationPortrait UIInterfaceOrientationPortraitUpsideDown UIInterfaceOrientationLandscapeLeft UIInterfaceOrientationLandscapeRight";
				INFOPLIST_KEY_UISupportedInterfaceOrientations_iPhone = "UIInterfaceOrientationPortrait UIInterfaceOrientationLandscapeLeft UIInterfaceOrientationLandscapeRight";
				LD_RUNPATH_SEARCH_PATHS = (
					"$(inherited)",
					"@executable_path/Frameworks",
				);
				MARKETING_VERSION = 1.0;
				PRODUCT_BUNDLE_IDENTIFIER = za.co.shahiel.SwiftCheckout;
				PRODUCT_NAME = "$(TARGET_NAME)";
				SWIFT_EMIT_LOC_STRINGS = YES;
				SWIFT_VERSION = 5.0;
				TARGETED_DEVICE_FAMILY = "1,2";
			};
			name = Debug;
		};
		6ADB4F2A2A2DB21900CDC2EF /* Release */ = {
			isa = XCBuildConfiguration;
			buildSettings = {
				ASSETCATALOG_COMPILER_APPICON_NAME = AppIcon;
				ASSETCATALOG_COMPILER_GLOBAL_ACCENT_COLOR_NAME = AccentColor;
				CODE_SIGN_STYLE = Automatic;
				CURRENT_PROJECT_VERSION = 1;
				GENERATE_INFOPLIST_FILE = YES;
				INFOPLIST_FILE = SwiftCheckout/Info.plist;
				INFOPLIST_KEY_UIApplicationSupportsIndirectInputEvents = YES;
				INFOPLIST_KEY_UILaunchStoryboardName = LaunchScreen;
				INFOPLIST_KEY_UIMainStoryboardFile = Main;
				INFOPLIST_KEY_UISupportedInterfaceOrientations_iPad = "UIInterfaceOrientationPortrait UIInterfaceOrientationPortraitUpsideDown UIInterfaceOrientationLandscapeLeft UIInterfaceOrientationLandscapeRight";
				INFOPLIST_KEY_UISupportedInterfaceOrientations_iPhone = "UIInterfaceOrientationPortrait UIInterfaceOrientationLandscapeLeft UIInterfaceOrientationLandscapeRight";
				LD_RUNPATH_SEARCH_PATHS = (
					"$(inherited)",
					"@executable_path/Frameworks",
				);
				MARKETING_VERSION = 1.0;
				PRODUCT_BUNDLE_IDENTIFIER = za.co.shahiel.SwiftCheckout;
				PRODUCT_NAME = "$(TARGET_NAME)";
				SWIFT_EMIT_LOC_STRINGS = YES;
				SWIFT_VERSION = 5.0;
				TARGETED_DEVICE_FAMILY = "1,2";
			};
			name = Release;
		};
/* End XCBuildConfiguration section */

/* Begin XCConfigurationList section */
		6ADB4F0F2A2DB21700CDC2EF /* Build configuration list for PBXProject "SwiftCheckout" */ = {
			isa = XCConfigurationList;
			buildConfigurations = (
				6ADB4F262A2DB21900CDC2EF /* Debug */,
				6ADB4F272A2DB21900CDC2EF /* Release */,
			);
			defaultConfigurationIsVisible = 0;
			defaultConfigurationName = Release;
		};
		6ADB4F282A2DB21900CDC2EF /* Build configuration list for PBXNativeTarget "SwiftCheckout" */ = {
			isa = XCConfigurationList;
			buildConfigurations = (
				6ADB4F292A2DB21900CDC2EF /* Debug */,
				6ADB4F2A2A2DB21900CDC2EF /* Release */,
			);
			defaultConfigurationIsVisible = 0;
			defaultConfigurationName = Release;
		};
/* End XCConfigurationList section */
	};
	rootObject = 6ADB4F0C2A2DB21700CDC2EF /* Project object */;
}
